
Microsoft Visual Studio Solution File, Format Version 15.00
# Visual Studio 2017
Project("{FAE04EC0-301F-11D3-BF4B-00C04F79EFBC}") = "SeedApp", "SeedApp.csproj", "{7D7A9E46-3841-4D98-A790-AB67FCC9B514}"
EndProject
Global
	GlobalSection(SolutionConfigurationPlatforms) = preSolution
		Debug|Any CPU = Debug|Any CPU
		Release|Any CPU = Release|Any CPU
	EndGlobalSection
	GlobalSection(ProjectConfigurationPlatforms) = postSolution
		{7D7A9E46-3841-4D98-A790-AB67FCC9B514}.Debug|Any CPU.ActiveCfg = Debug|Any CPU
		{7D7A9E46-3841-4D98-A790-AB67FCC9B514}.Debug|Any CPU.Build.0 = Debug|Any CPU
		{7D7A9E46-3841-4D98-A790-AB67FCC9B514}.Release|Any CPU.ActiveCfg = Release|Any CPU
		{7D7A9E46-3841-4D98-A790-AB67FCC9B514}.Release|Any CPU.Build.0 = Release|Any CPU
	EndGlobalSection
EndGlobal
